// !$*UTF8*$!
{
	archiveVersion = 1;
	classes = {
	};
	objectVersion = 50;
	objects = {

/* Begin PBXBuildFile section */
		30219D14269790E50068BD41 /* AppDelegate.swift in Sources */ = {isa = PBXBuildFile; fileRef = 30219D13269790E50068BD41 /* AppDelegate.swift */; };
		30219D16269790E50068BD41 /* SceneDelegate.swift in Sources */ = {isa = PBXBuildFile; fileRef = 30219D15269790E50068BD41 /* SceneDelegate.swift */; };
		30219D18269790E50068BD41 /* HomeViewController.swift in Sources */ = {isa = PBXBuildFile; fileRef = 30219D17269790E50068BD41 /* HomeViewController.swift */; };
		30219D1D269790E60068BD41 /* Assets.xcassets in Resources */ = {isa = PBXBuildFile; fileRef = 30219D1C269790E60068BD41 /* Assets.xcassets */; };
		30219D20269790E60068BD41 /* LaunchScreen.storyboard in Resources */ = {isa = PBXBuildFile; fileRef = 30219D1E269790E60068BD41 /* LaunchScreen.storyboard */; };
		30219D2B269790E60068BD41 /* CloneSpotifyTests.swift in Sources */ = {isa = PBXBuildFile; fileRef = 30219D2A269790E60068BD41 /* CloneSpotifyTests.swift */; };
		30219D36269790E60068BD41 /* CloneSpotifyUITests.swift in Sources */ = {isa = PBXBuildFile; fileRef = 30219D35269790E60068BD41 /* CloneSpotifyUITests.swift */; };
		30219D4A269796FC0068BD41 /* TabBarViewController.swift in Sources */ = {isa = PBXBuildFile; fileRef = 30219D49269796FC0068BD41 /* TabBarViewController.swift */; };
		30219D4C269797390068BD41 /* SearchViewController.swift in Sources */ = {isa = PBXBuildFile; fileRef = 30219D4B269797390068BD41 /* SearchViewController.swift */; };
		30219D4E2697975A0068BD41 /* LibraryViewController.swift in Sources */ = {isa = PBXBuildFile; fileRef = 30219D4D2697975A0068BD41 /* LibraryViewController.swift */; };
		30219D522697979F0068BD41 /* AuthViewController.swift in Sources */ = {isa = PBXBuildFile; fileRef = 30219D512697979F0068BD41 /* AuthViewController.swift */; };
		30219D54269797AF0068BD41 /* WelcomeViewController.swift in Sources */ = {isa = PBXBuildFile; fileRef = 30219D53269797AF0068BD41 /* WelcomeViewController.swift */; };
		30219D56269797BC0068BD41 /* SettingViewController.swift in Sources */ = {isa = PBXBuildFile; fileRef = 30219D55269797BC0068BD41 /* SettingViewController.swift */; };
		30219D58269797C90068BD41 /* ProfileViewController.swift in Sources */ = {isa = PBXBuildFile; fileRef = 30219D57269797C90068BD41 /* ProfileViewController.swift */; };
		30219D5A269797D70068BD41 /* PlayerViewController.swift in Sources */ = {isa = PBXBuildFile; fileRef = 30219D59269797D70068BD41 /* PlayerViewController.swift */; };
		30219D5C269797E70068BD41 /* PlayListViewController.swift in Sources */ = {isa = PBXBuildFile; fileRef = 30219D5B269797E70068BD41 /* PlayListViewController.swift */; };
		30219D5E269797F90068BD41 /* SearchResultViewController.swift in Sources */ = {isa = PBXBuildFile; fileRef = 30219D5D269797F90068BD41 /* SearchResultViewController.swift */; };
		30219D602697981B0068BD41 /* AuthManager.swift in Sources */ = {isa = PBXBuildFile; fileRef = 30219D5F2697981B0068BD41 /* AuthManager.swift */; };
		30219D62269798290068BD41 /* ApiCaller.swift in Sources */ = {isa = PBXBuildFile; fileRef = 30219D61269798290068BD41 /* ApiCaller.swift */; };
		30219D642697983D0068BD41 /* HapticsManager.swift in Sources */ = {isa = PBXBuildFile; fileRef = 30219D632697983D0068BD41 /* HapticsManager.swift */; };
		30219D66269798540068BD41 /* Playlist.swift in Sources */ = {isa = PBXBuildFile; fileRef = 30219D65269798540068BD41 /* Playlist.swift */; };
		30219D68269798630068BD41 /* AudioTrack.swift in Sources */ = {isa = PBXBuildFile; fileRef = 30219D67269798630068BD41 /* AudioTrack.swift */; };
		30219D6A269798770068BD41 /* Artist.swift in Sources */ = {isa = PBXBuildFile; fileRef = 30219D69269798770068BD41 /* Artist.swift */; };
		30219D6C269798840068BD41 /* UserProfile.swift in Sources */ = {isa = PBXBuildFile; fileRef = 30219D6B269798840068BD41 /* UserProfile.swift */; };
		30219D6E2697A4560068BD41 /* Extension.swift in Sources */ = {isa = PBXBuildFile; fileRef = 30219D6D2697A4560068BD41 /* Extension.swift */; };
		30219D7126985DFF0068BD41 /* welcome.storyboard in Resources */ = {isa = PBXBuildFile; fileRef = 30219D7026985DFF0068BD41 /* welcome.storyboard */; };
		30219D74269878580068BD41 /* AuthResponse.swift in Sources */ = {isa = PBXBuildFile; fileRef = 30219D73269878580068BD41 /* AuthResponse.swift */; };
/* End PBXBuildFile section */

/* Begin PBXContainerItemProxy section */
		30219D27269790E60068BD41 /* PBXContainerItemProxy */ = {
			isa = PBXContainerItemProxy;
			containerPortal = 30219D08269790E50068BD41 /* Project object */;
			proxyType = 1;
			remoteGlobalIDString = 30219D0F269790E50068BD41;
			remoteInfo = CloneSpotify;
		};
		30219D32269790E60068BD41 /* PBXContainerItemProxy */ = {
			isa = PBXContainerItemProxy;
			containerPortal = 30219D08269790E50068BD41 /* Project object */;
			proxyType = 1;
			remoteGlobalIDString = 30219D0F269790E50068BD41;
			remoteInfo = CloneSpotify;
		};
/* End PBXContainerItemProxy section */

/* Begin PBXFileReference section */
		30219D10269790E50068BD41 /* CloneSpotify.app */ = {isa = PBXFileReference; explicitFileType = wrapper.application; includeInIndex = 0; path = CloneSpotify.app; sourceTree = BUILT_PRODUCTS_DIR; };
		30219D13269790E50068BD41 /* AppDelegate.swift */ = {isa = PBXFileReference; lastKnownFileType = sourcecode.swift; path = AppDelegate.swift; sourceTree = "<group>"; };
		30219D15269790E50068BD41 /* SceneDelegate.swift */ = {isa = PBXFileReference; lastKnownFileType = sourcecode.swift; path = SceneDelegate.swift; sourceTree = "<group>"; };
		30219D17269790E50068BD41 /* HomeViewController.swift */ = {isa = PBXFileReference; lastKnownFileType = sourcecode.swift; path = HomeViewController.swift; sourceTree = "<group>"; };
		30219D1C269790E60068BD41 /* Assets.xcassets */ = {isa = PBXFileReference; lastKnownFileType = folder.assetcatalog; path = Assets.xcassets; sourceTree = "<group>"; };
		30219D1F269790E60068BD41 /* Base */ = {isa = PBXFileReference; lastKnownFileType = file.storyboard; name = Base; path = Base.lproj/LaunchScreen.storyboard; sourceTree = "<group>"; };
		30219D21269790E60068BD41 /* Info.plist */ = {isa = PBXFileReference; lastKnownFileType = text.plist.xml; path = Info.plist; sourceTree = "<group>"; };
		30219D26269790E60068BD41 /* CloneSpotifyTests.xctest */ = {isa = PBXFileReference; explicitFileType = wrapper.cfbundle; includeInIndex = 0; path = CloneSpotifyTests.xctest; sourceTree = BUILT_PRODUCTS_DIR; };
		30219D2A269790E60068BD41 /* CloneSpotifyTests.swift */ = {isa = PBXFileReference; lastKnownFileType = sourcecode.swift; path = CloneSpotifyTests.swift; sourceTree = "<group>"; };
		30219D2C269790E60068BD41 /* Info.plist */ = {isa = PBXFileReference; lastKnownFileType = text.plist.xml; path = Info.plist; sourceTree = "<group>"; };
		30219D31269790E60068BD41 /* CloneSpotifyUITests.xctest */ = {isa = PBXFileReference; explicitFileType = wrapper.cfbundle; includeInIndex = 0; path = CloneSpotifyUITests.xctest; sourceTree = BUILT_PRODUCTS_DIR; };
		30219D35269790E60068BD41 /* CloneSpotifyUITests.swift */ = {isa = PBXFileReference; lastKnownFileType = sourcecode.swift; path = CloneSpotifyUITests.swift; sourceTree = "<group>"; };
		30219D37269790E60068BD41 /* Info.plist */ = {isa = PBXFileReference; lastKnownFileType = text.plist.xml; path = Info.plist; sourceTree = "<group>"; };
		30219D49269796FC0068BD41 /* TabBarViewController.swift */ = {isa = PBXFileReference; lastKnownFileType = sourcecode.swift; path = TabBarViewController.swift; sourceTree = "<group>"; };
		30219D4B269797390068BD41 /* SearchViewController.swift */ = {isa = PBXFileReference; lastKnownFileType = sourcecode.swift; path = SearchViewController.swift; sourceTree = "<group>"; };
		30219D4D2697975A0068BD41 /* LibraryViewController.swift */ = {isa = PBXFileReference; lastKnownFileType = sourcecode.swift; path = LibraryViewController.swift; sourceTree = "<group>"; };
		30219D512697979F0068BD41 /* AuthViewController.swift */ = {isa = PBXFileReference; lastKnownFileType = sourcecode.swift; path = AuthViewController.swift; sourceTree = "<group>"; };
		30219D53269797AF0068BD41 /* WelcomeViewController.swift */ = {isa = PBXFileReference; lastKnownFileType = sourcecode.swift; path = WelcomeViewController.swift; sourceTree = "<group>"; };
		30219D55269797BC0068BD41 /* SettingViewController.swift */ = {isa = PBXFileReference; lastKnownFileType = sourcecode.swift; path = SettingViewController.swift; sourceTree = "<group>"; };
		30219D57269797C90068BD41 /* ProfileViewController.swift */ = {isa = PBXFileReference; lastKnownFileType = sourcecode.swift; path = ProfileViewController.swift; sourceTree = "<group>"; };
		30219D59269797D70068BD41 /* PlayerViewController.swift */ = {isa = PBXFileReference; lastKnownFileType = sourcecode.swift; path = PlayerViewController.swift; sourceTree = "<group>"; };
		30219D5B269797E70068BD41 /* PlayListViewController.swift */ = {isa = PBXFileReference; lastKnownFileType = sourcecode.swift; path = PlayListViewController.swift; sourceTree = "<group>"; };
		30219D5D269797F90068BD41 /* SearchResultViewController.swift */ = {isa = PBXFileReference; lastKnownFileType = sourcecode.swift; path = SearchResultViewController.swift; sourceTree = "<group>"; };
		30219D5F2697981B0068BD41 /* AuthManager.swift */ = {isa = PBXFileReference; lastKnownFileType = sourcecode.swift; path = AuthManager.swift; sourceTree = "<group>"; };
		30219D61269798290068BD41 /* ApiCaller.swift */ = {isa = PBXFileReference; lastKnownFileType = sourcecode.swift; path = ApiCaller.swift; sourceTree = "<group>"; };
		30219D632697983D0068BD41 /* HapticsManager.swift */ = {isa = PBXFileReference; lastKnownFileType = sourcecode.swift; path = HapticsManager.swift; sourceTree = "<group>"; };
		30219D65269798540068BD41 /* Playlist.swift */ = {isa = PBXFileReference; lastKnownFileType = sourcecode.swift; path = Playlist.swift; sourceTree = "<group>"; };
		30219D67269798630068BD41 /* AudioTrack.swift */ = {isa = PBXFileReference; lastKnownFileType = sourcecode.swift; path = AudioTrack.swift; sourceTree = "<group>"; };
		30219D69269798770068BD41 /* Artist.swift */ = {isa = PBXFileReference; lastKnownFileType = sourcecode.swift; path = Artist.swift; sourceTree = "<group>"; };
		30219D6B269798840068BD41 /* UserProfile.swift */ = {isa = PBXFileReference; lastKnownFileType = sourcecode.swift; path = UserProfile.swift; sourceTree = "<group>"; };
		30219D6D2697A4560068BD41 /* Extension.swift */ = {isa = PBXFileReference; lastKnownFileType = sourcecode.swift; path = Extension.swift; sourceTree = "<group>"; };
		30219D7026985DFF0068BD41 /* welcome.storyboard */ = {isa = PBXFileReference; lastKnownFileType = file.storyboard; path = welcome.storyboard; sourceTree = "<group>"; };
		30219D73269878580068BD41 /* AuthResponse.swift */ = {isa = PBXFileReference; lastKnownFileType = sourcecode.swift; path = AuthResponse.swift; sourceTree = "<group>"; };
/* End PBXFileReference section */

/* Begin PBXFrameworksBuildPhase section */
		30219D0D269790E50068BD41 /* Frameworks */ = {
			isa = PBXFrameworksBuildPhase;
			buildActionMask = 2147483647;
			files = (
			);
			runOnlyForDeploymentPostprocessing = 0;
		};
		30219D23269790E60068BD41 /* Frameworks */ = {
			isa = PBXFrameworksBuildPhase;
			buildActionMask = 2147483647;
			files = (
			);
			runOnlyForDeploymentPostprocessing = 0;
		};
		30219D2E269790E60068BD41 /* Frameworks */ = {
			isa = PBXFrameworksBuildPhase;
			buildActionMask = 2147483647;
			files = (
			);
			runOnlyForDeploymentPostprocessing = 0;
		};
/* End PBXFrameworksBuildPhase section */

/* Begin PBXGroup section */
		30219D07269790E50068BD41 = {
			isa = PBXGroup;
			children = (
				30219D12269790E50068BD41 /* CloneSpotify */,
				30219D29269790E60068BD41 /* CloneSpotifyTests */,
				30219D34269790E60068BD41 /* CloneSpotifyUITests */,
				30219D11269790E50068BD41 /* Products */,
			);
			sourceTree = "<group>";
		};
		30219D11269790E50068BD41 /* Products */ = {
			isa = PBXGroup;
			children = (
				30219D10269790E50068BD41 /* CloneSpotify.app */,
				30219D26269790E60068BD41 /* CloneSpotifyTests.xctest */,
				30219D31269790E60068BD41 /* CloneSpotifyUITests.xctest */,
			);
			name = Products;
			sourceTree = "<group>";
		};
		30219D12269790E50068BD41 /* CloneSpotify */ = {
			isa = PBXGroup;
			children = (
				30219D48269791270068BD41 /* Resource */,
				30219D47269791200068BD41 /* Manager */,
				30219D462697910D0068BD41 /* Controller */,
				30219D45269791040068BD41 /* ViewModel */,
				30219D44269790FC0068BD41 /* Model */,
				30219D43269790F20068BD41 /* View */,
				30219D21269790E60068BD41 /* Info.plist */,
			);
			path = CloneSpotify;
			sourceTree = "<group>";
		};
		30219D29269790E60068BD41 /* CloneSpotifyTests */ = {
			isa = PBXGroup;
			children = (
				30219D2A269790E60068BD41 /* CloneSpotifyTests.swift */,
				30219D2C269790E60068BD41 /* Info.plist */,
			);
			path = CloneSpotifyTests;
			sourceTree = "<group>";
		};
		30219D34269790E60068BD41 /* CloneSpotifyUITests */ = {
			isa = PBXGroup;
			children = (
				30219D35269790E60068BD41 /* CloneSpotifyUITests.swift */,
				30219D37269790E60068BD41 /* Info.plist */,
			);
			path = CloneSpotifyUITests;
			sourceTree = "<group>";
		};
		30219D43269790F20068BD41 /* View */ = {
			isa = PBXGroup;
			children = (
				30219D1E269790E60068BD41 /* LaunchScreen.storyboard */,
			);
			path = View;
			sourceTree = "<group>";
		};
		30219D44269790FC0068BD41 /* Model */ = {
			isa = PBXGroup;
			children = (
				30219D65269798540068BD41 /* Playlist.swift */,
				30219D67269798630068BD41 /* AudioTrack.swift */,
				30219D69269798770068BD41 /* Artist.swift */,
				30219D6B269798840068BD41 /* UserProfile.swift */,
				30219D73269878580068BD41 /* AuthResponse.swift */,
			);
			path = Model;
			sourceTree = "<group>";
		};
		30219D45269791040068BD41 /* ViewModel */ = {
			isa = PBXGroup;
			children = (
			);
			path = ViewModel;
			sourceTree = "<group>";
		};
		30219D462697910D0068BD41 /* Controller */ = {
			isa = PBXGroup;
			children = (
				30219D50269797880068BD41 /* other */,
				30219D4F2697976F0068BD41 /* Core */,
			);
			path = Controller;
			sourceTree = "<group>";
		};
		30219D47269791200068BD41 /* Manager */ = {
			isa = PBXGroup;
			children = (
				30219D5F2697981B0068BD41 /* AuthManager.swift */,
				30219D61269798290068BD41 /* ApiCaller.swift */,
				30219D632697983D0068BD41 /* HapticsManager.swift */,
			);
			path = Manager;
			sourceTree = "<group>";
		};
		30219D48269791270068BD41 /* Resource */ = {
			isa = PBXGroup;
			children = (
				30219D1C269790E60068BD41 /* Assets.xcassets */,
				30219D13269790E50068BD41 /* AppDelegate.swift */,
				30219D15269790E50068BD41 /* SceneDelegate.swift */,
				30219D6D2697A4560068BD41 /* Extension.swift */,
			);
			path = Resource;
			sourceTree = "<group>";
		};
		30219D4F2697976F0068BD41 /* Core */ = {
			isa = PBXGroup;
			children = (
				30219D17269790E50068BD41 /* HomeViewController.swift */,
				30219D4D2697975A0068BD41 /* LibraryViewController.swift */,
				30219D49269796FC0068BD41 /* TabBarViewController.swift */,
				30219D4B269797390068BD41 /* SearchViewController.swift */,
			);
			path = Core;
			sourceTree = "<group>";
		};
		30219D50269797880068BD41 /* other */ = {
			isa = PBXGroup;
			children = (
				30219D72269860350068BD41 /* AuthView */,
				30219D55269797BC0068BD41 /* SettingViewController.swift */,
				30219D53269797AF0068BD41 /* WelcomeViewController.swift */,
				30219D57269797C90068BD41 /* ProfileViewController.swift */,
				30219D59269797D70068BD41 /* PlayerViewController.swift */,
				30219D5B269797E70068BD41 /* PlayListViewController.swift */,
				30219D5D269797F90068BD41 /* SearchResultViewController.swift */,
			);
			path = other;
			sourceTree = "<group>";
		};
		30219D72269860350068BD41 /* AuthView */ = {
			isa = PBXGroup;
			children = (
				30219D7026985DFF0068BD41 /* welcome.storyboard */,
				30219D512697979F0068BD41 /* AuthViewController.swift */,
			);
			path = AuthView;
			sourceTree = "<group>";
		};
/* End PBXGroup section */

/* Begin PBXNativeTarget section */
		30219D0F269790E50068BD41 /* CloneSpotify */ = {
			isa = PBXNativeTarget;
			buildConfigurationList = 30219D3A269790E60068BD41 /* Build configuration list for PBXNativeTarget "CloneSpotify" */;
			buildPhases = (
				30219D0C269790E50068BD41 /* Sources */,
				30219D0D269790E50068BD41 /* Frameworks */,
				30219D0E269790E50068BD41 /* Resources */,
			);
			buildRules = (
			);
			dependencies = (
			);
			name = CloneSpotify;
			productName = CloneSpotify;
			productReference = 30219D10269790E50068BD41 /* CloneSpotify.app */;
			productType = "com.apple.product-type.application";
		};
		30219D25269790E60068BD41 /* CloneSpotifyTests */ = {
			isa = PBXNativeTarget;
			buildConfigurationList = 30219D3D269790E60068BD41 /* Build configuration list for PBXNativeTarget "CloneSpotifyTests" */;
			buildPhases = (
				30219D22269790E60068BD41 /* Sources */,
				30219D23269790E60068BD41 /* Frameworks */,
				30219D24269790E60068BD41 /* Resources */,
			);
			buildRules = (
			);
			dependencies = (
				30219D28269790E60068BD41 /* PBXTargetDependency */,
			);
			name = CloneSpotifyTests;
			productName = CloneSpotifyTests;
			productReference = 30219D26269790E60068BD41 /* CloneSpotifyTests.xctest */;
			productType = "com.apple.product-type.bundle.unit-test";
		};
		30219D30269790E60068BD41 /* CloneSpotifyUITests */ = {
			isa = PBXNativeTarget;
			buildConfigurationList = 30219D40269790E60068BD41 /* Build configuration list for PBXNativeTarget "CloneSpotifyUITests" */;
			buildPhases = (
				30219D2D269790E60068BD41 /* Sources */,
				30219D2E269790E60068BD41 /* Frameworks */,
				30219D2F269790E60068BD41 /* Resources */,
			);
			buildRules = (
			);
			dependencies = (
				30219D33269790E60068BD41 /* PBXTargetDependency */,
			);
			name = CloneSpotifyUITests;
			productName = CloneSpotifyUITests;
			productReference = 30219D31269790E60068BD41 /* CloneSpotifyUITests.xctest */;
			productType = "com.apple.product-type.bundle.ui-testing";
		};
/* End PBXNativeTarget section */

/* Begin PBXProject section */
		30219D08269790E50068BD41 /* Project object */ = {
			isa = PBXProject;
			attributes = {
				LastSwiftUpdateCheck = 1250;
				LastUpgradeCheck = 1250;
				TargetAttributes = {
					30219D0F269790E50068BD41 = {
						CreatedOnToolsVersion = 12.5.1;
					};
					30219D25269790E60068BD41 = {
						CreatedOnToolsVersion = 12.5.1;
						TestTargetID = 30219D0F269790E50068BD41;
					};
					30219D30269790E60068BD41 = {
						CreatedOnToolsVersion = 12.5.1;
						TestTargetID = 30219D0F269790E50068BD41;
					};
				};
			};
			buildConfigurationList = 30219D0B269790E50068BD41 /* Build configuration list for PBXProject "CloneSpotify" */;
			compatibilityVersion = "Xcode 9.3";
			developmentRegion = en;
			hasScannedForEncodings = 0;
			knownRegions = (
				en,
				Base,
			);
			mainGroup = 30219D07269790E50068BD41;
			productRefGroup = 30219D11269790E50068BD41 /* Products */;
			projectDirPath = "";
			projectRoot = "";
			targets = (
				30219D0F269790E50068BD41 /* CloneSpotify */,
				30219D25269790E60068BD41 /* CloneSpotifyTests */,
				30219D30269790E60068BD41 /* CloneSpotifyUITests */,
			);
		};
/* End PBXProject section */

/* Begin PBXResourcesBuildPhase section */
		30219D0E269790E50068BD41 /* Resources */ = {
			isa = PBXResourcesBuildPhase;
			buildActionMask = 2147483647;
			files = (
				30219D7126985DFF0068BD41 /* welcome.storyboard in Resources */,
				30219D20269790E60068BD41 /* LaunchScreen.storyboard in Resources */,
				30219D1D269790E60068BD41 /* Assets.xcassets in Resources */,
			);
			runOnlyForDeploymentPostprocessing = 0;
		};
		30219D24269790E60068BD41 /* Resources */ = {
			isa = PBXResourcesBuildPhase;
			buildActionMask = 2147483647;
			files = (
			);
			runOnlyForDeploymentPostprocessing = 0;
		};
		30219D2F269790E60068BD41 /* Resources */ = {
			isa = PBXResourcesBuildPhase;
			buildActionMask = 2147483647;
			files = (
			);
			runOnlyForDeploymentPostprocessing = 0;
		};
/* End PBXResourcesBuildPhase section */

/* Begin PBXSourcesBuildPhase section */
		30219D0C269790E50068BD41 /* Sources */ = {
			isa = PBXSourcesBuildPhase;
			buildActionMask = 2147483647;
			files = (
				30219D4C269797390068BD41 /* SearchViewController.swift in Sources */,
				30219D66269798540068BD41 /* Playlist.swift in Sources */,
				30219D602697981B0068BD41 /* AuthManager.swift in Sources */,
				30219D54269797AF0068BD41 /* WelcomeViewController.swift in Sources */,
				30219D58269797C90068BD41 /* ProfileViewController.swift in Sources */,
				30219D62269798290068BD41 /* ApiCaller.swift in Sources */,
				30219D4A269796FC0068BD41 /* TabBarViewController.swift in Sources */,
				30219D642697983D0068BD41 /* HapticsManager.swift in Sources */,
				30219D74269878580068BD41 /* AuthResponse.swift in Sources */,
				30219D68269798630068BD41 /* AudioTrack.swift in Sources */,
				30219D6E2697A4560068BD41 /* Extension.swift in Sources */,
				30219D18269790E50068BD41 /* HomeViewController.swift in Sources */,
				30219D522697979F0068BD41 /* AuthViewController.swift in Sources */,
				30219D56269797BC0068BD41 /* SettingViewController.swift in Sources */,
				30219D6C269798840068BD41 /* UserProfile.swift in Sources */,
				30219D14269790E50068BD41 /* AppDelegate.swift in Sources */,
				30219D6A269798770068BD41 /* Artist.swift in Sources */,
				30219D5C269797E70068BD41 /* PlayListViewController.swift in Sources */,
				30219D4E2697975A0068BD41 /* LibraryViewController.swift in Sources */,
				30219D5A269797D70068BD41 /* PlayerViewController.swift in Sources */,
				30219D5E269797F90068BD41 /* SearchResultViewController.swift in Sources */,
				30219D16269790E50068BD41 /* SceneDelegate.swift in Sources */,
			);
			runOnlyForDeploymentPostprocessing = 0;
		};
		30219D22269790E60068BD41 /* Sources */ = {
			isa = PBXSourcesBuildPhase;
			buildActionMask = 2147483647;
			files = (
				30219D2B269790E60068BD41 /* CloneSpotifyTests.swift in Sources */,
			);
			runOnlyForDeploymentPostprocessing = 0;
		};
		30219D2D269790E60068BD41 /* Sources */ = {
			isa = PBXSourcesBuildPhase;
			buildActionMask = 2147483647;
			files = (
				30219D36269790E60068BD41 /* CloneSpotifyUITests.swift in Sources */,
			);
			runOnlyForDeploymentPostprocessing = 0;
		};
/* End PBXSourcesBuildPhase section */

/* Begin PBXTargetDependency section */
		30219D28269790E60068BD41 /* PBXTargetDependency */ = {
			isa = PBXTargetDependency;
			target = 30219D0F269790E50068BD41 /* CloneSpotify */;
			targetProxy = 30219D27269790E60068BD41 /* PBXContainerItemProxy */;
		};
		30219D33269790E60068BD41 /* PBXTargetDependency */ = {
			isa = PBXTargetDependency;
			target = 30219D0F269790E50068BD41 /* CloneSpotify */;
			targetProxy = 30219D32269790E60068BD41 /* PBXContainerItemProxy */;
		};
/* End PBXTargetDependency section */

/* Begin PBXVariantGroup section */
		30219D1E269790E60068BD41 /* LaunchScreen.storyboard */ = {
			isa = PBXVariantGroup;
			children = (
				30219D1F269790E60068BD41 /* Base */,
			);
			name = LaunchScreen.storyboard;
			sourceTree = "<group>";
		};
/* End PBXVariantGroup section */

/* Begin XCBuildConfiguration section */
		30219D38269790E60068BD41 /* Debug */ = {
			isa = XCBuildConfiguration;
			buildSettings = {
				ALWAYS_SEARCH_USER_PATHS = NO;
				CLANG_ANALYZER_NONNULL = YES;
				CLANG_ANALYZER_NUMBER_OBJECT_CONVERSION = YES_AGGRESSIVE;
				CLANG_CXX_LANGUAGE_STANDARD = "gnu++14";
				CLANG_CXX_LIBRARY = "libc++";
				CLANG_ENABLE_MODULES = YES;
				CLANG_ENABLE_OBJC_ARC = YES;
				CLANG_ENABLE_OBJC_WEAK = YES;
				CLANG_WARN_BLOCK_CAPTURE_AUTORELEASING = YES;
				CLANG_WARN_BOOL_CONVERSION = YES;
				CLANG_WARN_COMMA = YES;
				CLANG_WARN_CONSTANT_CONVERSION = YES;
				CLANG_WARN_DEPRECATED_OBJC_IMPLEMENTATIONS = YES;
				CLANG_WARN_DIRECT_OBJC_ISA_USAGE = YES_ERROR;
				CLANG_WARN_DOCUMENTATION_COMMENTS = YES;
				CLANG_WARN_EMPTY_BODY = YES;
				CLANG_WARN_ENUM_CONVERSION = YES;
				CLANG_WARN_INFINITE_RECURSION = YES;
				CLANG_WARN_INT_CONVERSION = YES;
				CLANG_WARN_NON_LITERAL_NULL_CONVERSION = YES;
				CLANG_WARN_OBJC_IMPLICIT_RETAIN_SELF = YES;
				CLANG_WARN_OBJC_LITERAL_CONVERSION = YES;
				CLANG_WARN_OBJC_ROOT_CLASS = YES_ERROR;
				CLANG_WARN_QUOTED_INCLUDE_IN_FRAMEWORK_HEADER = YES;
				CLANG_WARN_RANGE_LOOP_ANALYSIS = YES;
				CLANG_WARN_STRICT_PROTOTYPES = YES;
				CLANG_WARN_SUSPICIOUS_MOVE = YES;
				CLANG_WARN_UNGUARDED_AVAILABILITY = YES_AGGRESSIVE;
				CLANG_WARN_UNREACHABLE_CODE = YES;
				CLANG_WARN__DUPLICATE_METHOD_MATCH = YES;
				COPY_PHASE_STRIP = NO;
				DEBUG_INFORMATION_FORMAT = dwarf;
				ENABLE_STRICT_OBJC_MSGSEND = YES;
				ENABLE_TESTABILITY = YES;
				GCC_C_LANGUAGE_STANDARD = gnu11;
				GCC_DYNAMIC_NO_PIC = NO;
				GCC_NO_COMMON_BLOCKS = YES;
				GCC_OPTIMIZATION_LEVEL = 0;
				GCC_PREPROCESSOR_DEFINITIONS = (
					"DEBUG=1",
					"$(inherited)",
				);
				GCC_WARN_64_TO_32_BIT_CONVERSION = YES;
				GCC_WARN_ABOUT_RETURN_TYPE = YES_ERROR;
				GCC_WARN_UNDECLARED_SELECTOR = YES;
				GCC_WARN_UNINITIALIZED_AUTOS = YES_AGGRESSIVE;
				GCC_WARN_UNUSED_FUNCTION = YES;
				GCC_WARN_UNUSED_VARIABLE = YES;
				IPHONEOS_DEPLOYMENT_TARGET = 14.5;
				MTL_ENABLE_DEBUG_INFO = INCLUDE_SOURCE;
				MTL_FAST_MATH = YES;
				ONLY_ACTIVE_ARCH = YES;
				SDKROOT = iphoneos;
				SWIFT_ACTIVE_COMPILATION_CONDITIONS = DEBUG;
				SWIFT_OPTIMIZATION_LEVEL = "-Onone";
			};
			name = Debug;
		};
		30219D39269790E60068BD41 /* Release */ = {
			isa = XCBuildConfiguration;
			buildSettings = {
				ALWAYS_SEARCH_USER_PATHS = NO;
				CLANG_ANALYZER_NONNULL = YES;
				CLANG_ANALYZER_NUMBER_OBJECT_CONVERSION = YES_AGGRESSIVE;
				CLANG_CXX_LANGUAGE_STANDARD = "gnu++14";
				CLANG_CXX_LIBRARY = "libc++";
				CLANG_ENABLE_MODULES = YES;
				CLANG_ENABLE_OBJC_ARC = YES;
				CLANG_ENABLE_OBJC_WEAK = YES;
				CLANG_WARN_BLOCK_CAPTURE_AUTORELEASING = YES;
				CLANG_WARN_BOOL_CONVERSION = YES;
				CLANG_WARN_COMMA = YES;
				CLANG_WARN_CONSTANT_CONVERSION = YES;
				CLANG_WARN_DEPRECATED_OBJC_IMPLEMENTATIONS = YES;
				CLANG_WARN_DIRECT_OBJC_ISA_USAGE = YES_ERROR;
				CLANG_WARN_DOCUMENTATION_COMMENTS = YES;
				CLANG_WARN_EMPTY_BODY = YES;
				CLANG_WARN_ENUM_CONVERSION = YES;
				CLANG_WARN_INFINITE_RECURSION = YES;
				CLANG_WARN_INT_CONVERSION = YES;
				CLANG_WARN_NON_LITERAL_NULL_CONVERSION = YES;
				CLANG_WARN_OBJC_IMPLICIT_RETAIN_SELF = YES;
				CLANG_WARN_OBJC_LITERAL_CONVERSION = YES;
				CLANG_WARN_OBJC_ROOT_CLASS = YES_ERROR;
				CLANG_WARN_QUOTED_INCLUDE_IN_FRAMEWORK_HEADER = YES;
				CLANG_WARN_RANGE_LOOP_ANALYSIS = YES;
				CLANG_WARN_STRICT_PROTOTYPES = YES;
				CLANG_WARN_SUSPICIOUS_MOVE = YES;
				CLANG_WARN_UNGUARDED_AVAILABILITY = YES_AGGRESSIVE;
				CLANG_WARN_UNREACHABLE_CODE = YES;
				CLANG_WARN__DUPLICATE_METHOD_MATCH = YES;
				COPY_PHASE_STRIP = NO;
				DEBUG_INFORMATION_FORMAT = "dwarf-with-dsym";
				ENABLE_NS_ASSERTIONS = NO;
				ENABLE_STRICT_OBJC_MSGSEND = YES;
				GCC_C_LANGUAGE_STANDARD = gnu11;
				GCC_NO_COMMON_BLOCKS = YES;
				GCC_WARN_64_TO_32_BIT_CONVERSION = YES;
				GCC_WARN_ABOUT_RETURN_TYPE = YES_ERROR;
				GCC_WARN_UNDECLARED_SELECTOR = YES;
				GCC_WARN_UNINITIALIZED_AUTOS = YES_AGGRESSIVE;
				GCC_WARN_UNUSED_FUNCTION = YES;
				GCC_WARN_UNUSED_VARIABLE = YES;
				IPHONEOS_DEPLOYMENT_TARGET = 14.5;
				MTL_ENABLE_DEBUG_INFO = NO;
				MTL_FAST_MATH = YES;
				SDKROOT = iphoneos;
				SWIFT_COMPILATION_MODE = wholemodule;
				SWIFT_OPTIMIZATION_LEVEL = "-O";
				VALIDATE_PRODUCT = YES;
			};
			name = Release;
		};
		30219D3B269790E60068BD41 /* Debug */ = {
			isa = XCBuildConfiguration;
			buildSettings = {
				ASSETCATALOG_COMPILER_APPICON_NAME = AppIcon;
				ASSETCATALOG_COMPILER_GLOBAL_ACCENT_COLOR_NAME = AccentColor;
				CODE_SIGN_STYLE = Automatic;
				DEVELOPMENT_TEAM = P4C96D92PU;
				INFOPLIST_FILE = CloneSpotify/Info.plist;
				LD_RUNPATH_SEARCH_PATHS = (
					"$(inherited)",
					"@executable_path/Frameworks",
				);
				PRODUCT_BUNDLE_IDENTIFIER = test.CloneSpotify;
				PRODUCT_NAME = "$(TARGET_NAME)";
				SWIFT_VERSION = 5.0;
				TARGETED_DEVICE_FAMILY = "1,2";
			};
			name = Debug;
		};
		30219D3C269790E60068BD41 /* Release */ = {
			isa = XCBuildConfiguration;
			buildSettings = {
				ASSETCATALOG_COMPILER_APPICON_NAME = AppIcon;
				ASSETCATALOG_COMPILER_GLOBAL_ACCENT_COLOR_NAME = AccentColor;
				CODE_SIGN_STYLE = Automatic;
				DEVELOPMENT_TEAM = P4C96D92PU;
				INFOPLIST_FILE = CloneSpotify/Info.plist;
				LD_RUNPATH_SEARCH_PATHS = (
					"$(inherited)",
					"@executable_path/Frameworks",
				);
				PRODUCT_BUNDLE_IDENTIFIER = test.CloneSpotify;
				PRODUCT_NAME = "$(TARGET_NAME)";
				SWIFT_VERSION = 5.0;
				TARGETED_DEVICE_FAMILY = "1,2";
			};
			name = Release;
		};
		30219D3E269790E60068BD41 /* Debug */ = {
			isa = XCBuildConfiguration;
			buildSettings = {
				ALWAYS_EMBED_SWIFT_STANDARD_LIBRARIES = YES;
				BUNDLE_LOADER = "$(TEST_HOST)";
				CODE_SIGN_STYLE = Automatic;
				DEVELOPMENT_TEAM = P4C96D92PU;
				INFOPLIST_FILE = CloneSpotifyTests/Info.plist;
				IPHONEOS_DEPLOYMENT_TARGET = 14.5;
				LD_RUNPATH_SEARCH_PATHS = (
					"$(inherited)",
					"@executable_path/Frameworks",
					"@loader_path/Frameworks",
				);
				PRODUCT_BUNDLE_IDENTIFIER = test.CloneSpotifyTests;
				PRODUCT_NAME = "$(TARGET_NAME)";
				SWIFT_VERSION = 5.0;
				TARGETED_DEVICE_FAMILY = "1,2";
				TEST_HOST = "$(BUILT_PRODUCTS_DIR)/CloneSpotify.app/CloneSpotify";
			};
			name = Debug;
		};
		30219D3F269790E60068BD41 /* Release */ = {
			isa = XCBuildConfiguration;
			buildSettings = {
				ALWAYS_EMBED_SWIFT_STANDARD_LIBRARIES = YES;
				BUNDLE_LOADER = "$(TEST_HOST)";
				CODE_SIGN_STYLE = Automatic;
				DEVELOPMENT_TEAM = P4C96D92PU;
				INFOPLIST_FILE = CloneSpotifyTests/Info.plist;
				IPHONEOS_DEPLOYMENT_TARGET = 14.5;
				LD_RUNPATH_SEARCH_PATHS = (
					"$(inherited)",
					"@executable_path/Frameworks",
					"@loader_path/Frameworks",
				);
				PRODUCT_BUNDLE_IDENTIFIER = test.CloneSpotifyTests;
				PRODUCT_NAME = "$(TARGET_NAME)";
				SWIFT_VERSION = 5.0;
				TARGETED_DEVICE_FAMILY = "1,2";
				TEST_HOST = "$(BUILT_PRODUCTS_DIR)/CloneSpotify.app/CloneSpotify";
			};
			name = Release;
		};
		30219D41269790E60068BD41 /* Debug */ = {
			isa = XCBuildConfiguration;
			buildSettings = {
				ALWAYS_EMBED_SWIFT_STANDARD_LIBRARIES = YES;
				CODE_SIGN_STYLE = Automatic;
				DEVELOPMENT_TEAM = P4C96D92PU;
				INFOPLIST_FILE = CloneSpotifyUITests/Info.plist;
				LD_RUNPATH_SEARCH_PATHS = (
					"$(inherited)",
					"@executable_path/Frameworks",
					"@loader_path/Frameworks",
				);
				PRODUCT_BUNDLE_IDENTIFIER = test.CloneSpotifyUITests;
				PRODUCT_NAME = "$(TARGET_NAME)";
				SWIFT_VERSION = 5.0;
				TARGETED_DEVICE_FAMILY = "1,2";
				TEST_TARGET_NAME = CloneSpotify;
			};
			name = Debug;
		};
		30219D42269790E60068BD41 /* Release */ = {
			isa = XCBuildConfiguration;
			buildSettings = {
				ALWAYS_EMBED_SWIFT_STANDARD_LIBRARIES = YES;
				CODE_SIGN_STYLE = Automatic;
				DEVELOPMENT_TEAM = P4C96D92PU;
				INFOPLIST_FILE = CloneSpotifyUITests/Info.plist;
				LD_RUNPATH_SEARCH_PATHS = (
					"$(inherited)",
					"@executable_path/Frameworks",
					"@loader_path/Frameworks",
				);
				PRODUCT_BUNDLE_IDENTIFIER = test.CloneSpotifyUITests;
				PRODUCT_NAME = "$(TARGET_NAME)";
				SWIFT_VERSION = 5.0;
				TARGETED_DEVICE_FAMILY = "1,2";
				TEST_TARGET_NAME = CloneSpotify;
			};
			name = Release;
		};
/* End XCBuildConfiguration section */

/* Begin XCConfigurationList section */
		30219D0B269790E50068BD41 /* Build configuration list for PBXProject "CloneSpotify" */ = {
			isa = XCConfigurationList;
			buildConfigurations = (
				30219D38269790E60068BD41 /* Debug */,
				30219D39269790E60068BD41 /* Release */,
			);
			defaultConfigurationIsVisible = 0;
			defaultConfigurationName = Release;
		};
		30219D3A269790E60068BD41 /* Build configuration list for PBXNativeTarget "CloneSpotify" */ = {
			isa = XCConfigurationList;
			buildConfigurations = (
				30219D3B269790E60068BD41 /* Debug */,
				30219D3C269790E60068BD41 /* Release */,
			);
			defaultConfigurationIsVisible = 0;
			defaultConfigurationName = Release;
		};
		30219D3D269790E60068BD41 /* Build configuration list for PBXNativeTarget "CloneSpotifyTests" */ = {
			isa = XCConfigurationList;
			buildConfigurations = (
				30219D3E269790E60068BD41 /* Debug */,
				30219D3F269790E60068BD41 /* Release */,
			);
			defaultConfigurationIsVisible = 0;
			defaultConfigurationName = Release;
		};
		30219D40269790E60068BD41 /* Build configuration list for PBXNativeTarget "CloneSpotifyUITests" */ = {
			isa = XCConfigurationList;
			buildConfigurations = (
				30219D41269790E60068BD41 /* Debug */,
				30219D42269790E60068BD41 /* Release */,
			);
			defaultConfigurationIsVisible = 0;
			defaultConfigurationName = Release;
		};
/* End XCConfigurationList section */
	};
	rootObject = 30219D08269790E50068BD41 /* Project object */;
}
